
Microsoft Visual Studio Solution File, Format Version 12.00
# Visual Studio Version 16
VisualStudioVersion = 16.0.34031.81
MinimumVisualStudioVersion = 10.0.40219.1
Project("{FAE04EC0-301F-11D3-BF4B-00C04F79EFBC}") = "Quizpeak11", "Quizpeak11.csproj", "{E2AAB969-3873-4FA9-BCC0-30377BC071DA}"
EndProject
Project("{2150E333-8FDC-42A3-9474-1A3956D46DE8}") = "Solution Items", "Solution Items", "{8B808713-0B1B-460D-AD3F-AB9C53A63D33}"
EndProject
Global
	GlobalSection(SolutionConfigurationPlatforms) = preSolution
		Debug|Any CPU = Debug|Any CPU
		Debug|x86 = Debug|x86
		Release|Any CPU = Release|Any CPU
		Release|x86 = Release|x86
	EndGlobalSection
	GlobalSection(ProjectConfigurationPlatforms) = postSolution
		{E2AAB969-3873-4FA9-BCC0-30377BC071DA}.Debug|Any CPU.ActiveCfg = Debug|Any CPU
		{E2AAB969-3873-4FA9-BCC0-30377BC071DA}.Debug|Any CPU.Build.0 = Debug|Any CPU
		{E2AAB969-3873-4FA9-BCC0-30377BC071DA}.Debug|x86.ActiveCfg = Debug|Any CPU
		{E2AAB969-3873-4FA9-BCC0-30377BC071DA}.Debug|x86.Build.0 = Debug|Any CPU
		{E2AAB969-3873-4FA9-BCC0-30377BC071DA}.Release|Any CPU.ActiveCfg = Release|Any CPU
		{E2AAB969-3873-4FA9-BCC0-30377BC071DA}.Release|Any CPU.Build.0 = Release|Any CPU
		{E2AAB969-3873-4FA9-BCC0-30377BC071DA}.Release|x86.ActiveCfg = Release|Any CPU
		{E2AAB969-3873-4FA9-BCC0-30377BC071DA}.Release|x86.Build.0 = Release|Any CPU
	EndGlobalSection
	GlobalSection(SolutionProperties) = preSolution
		HideSolutionNode = FALSE
	EndGlobalSection
	GlobalSection(ExtensibilityGlobals) = postSolution
		SolutionGuid = {72DC3DD2-FE10-40C2-92FA-3660EA6F9C52}
	EndGlobalSection
EndGlobal
